
Microsoft Visual Studio Solution File, Format Version 12.00
# Visual Studio Version 17
VisualStudioVersion = 17.4.33110.190
MinimumVisualStudioVersion = 10.0.40219.1
Project("{FAE04EC0-301F-11D3-BF4B-00C04F79EFBC}") = "01-ComandosCondicionais", "01-ComandosCondicionais\01-ComandosCondicionais.csproj", "{55BAEE7A-69AB-4A84-B94A-F39F3286A84C}"
EndProject
Project("{FAE04EC0-301F-11D3-BF4B-00C04F79EFBC}") = "02-ComandoRepeticao-While", "02-ComandoRepeticao-While\02-ComandoRepeticao-While.csproj", "{73CD0FB5-8101-467D-8978-A9C278644F4C}"
EndProject
Project("{FAE04EC0-301F-11D3-BF4B-00C04F79EFBC}") = "Exe01", "Exe01\Exe01.csproj", "{074B0F8A-7EFB-44B2-9E3F-8AB7C21D5CA8}"
EndProject
Global
	GlobalSection(SolutionConfigurationPlatforms) = preSolution
		Debug|Any CPU = Debug|Any CPU
		Release|Any CPU = Release|Any CPU
	EndGlobalSection
	GlobalSection(ProjectConfigurationPlatforms) = postSolution
		{55BAEE7A-69AB-4A84-B94A-F39F3286A84C}.Debug|Any CPU.ActiveCfg = Debug|Any CPU
		{55BAEE7A-69AB-4A84-B94A-F39F3286A84C}.Debug|Any CPU.Build.0 = Debug|Any CPU
		{55BAEE7A-69AB-4A84-B94A-F39F3286A84C}.Release|Any CPU.ActiveCfg = Release|Any CPU
		{55BAEE7A-69AB-4A84-B94A-F39F3286A84C}.Release|Any CPU.Build.0 = Release|Any CPU
		{73CD0FB5-8101-467D-8978-A9C278644F4C}.Debug|Any CPU.ActiveCfg = Debug|Any CPU
		{73CD0FB5-8101-467D-8978-A9C278644F4C}.Debug|Any CPU.Build.0 = Debug|Any CPU
		{73CD0FB5-8101-467D-8978-A9C278644F4C}.Release|Any CPU.ActiveCfg = Release|Any CPU
		{73CD0FB5-8101-467D-8978-A9C278644F4C}.Release|Any CPU.Build.0 = Release|Any CPU
		{074B0F8A-7EFB-44B2-9E3F-8AB7C21D5CA8}.Debug|Any CPU.ActiveCfg = Debug|Any CPU
		{074B0F8A-7EFB-44B2-9E3F-8AB7C21D5CA8}.Debug|Any CPU.Build.0 = Debug|Any CPU
		{074B0F8A-7EFB-44B2-9E3F-8AB7C21D5CA8}.Release|Any CPU.ActiveCfg = Release|Any CPU
		{074B0F8A-7EFB-44B2-9E3F-8AB7C21D5CA8}.Release|Any CPU.Build.0 = Release|Any CPU
	EndGlobalSection
	GlobalSection(SolutionProperties) = preSolution
		HideSolutionNode = FALSE
	EndGlobalSection
	GlobalSection(ExtensibilityGlobals) = postSolution
		SolutionGuid = {FA311A6C-02D0-4906-83FC-CB9F7D04C9E8}
	EndGlobalSection
EndGlobal
